// !$*UTF8*$!
{
	archiveVersion = 1;
	classes = {
	};
	objectVersion = 56;
	objects = {

/* Begin PBXBuildFile section */
		8795C87529AE0E60007868B3 /* AppDelegate.swift in Sources */ = {isa = PBXBuildFile; fileRef = 8795C87429AE0E60007868B3 /* AppDelegate.swift */; };
		8795C87729AE0E60007868B3 /* SceneDelegate.swift in Sources */ = {isa = PBXBuildFile; fileRef = 8795C87629AE0E60007868B3 /* SceneDelegate.swift */; };
		8795C87C29AE0E60007868B3 /* Main.storyboard in Resources */ = {isa = PBXBuildFile; fileRef = 8795C87A29AE0E60007868B3 /* Main.storyboard */; };
		8795C87E29AE0E61007868B3 /* Assets.xcassets in Resources */ = {isa = PBXBuildFile; fileRef = 8795C87D29AE0E61007868B3 /* Assets.xcassets */; };
		8795C88129AE0E61007868B3 /* LaunchScreen.storyboard in Resources */ = {isa = PBXBuildFile; fileRef = 8795C87F29AE0E61007868B3 /* LaunchScreen.storyboard */; };
		8795C89329AE0FAA007868B3 /* HomeController.swift in Sources */ = {isa = PBXBuildFile; fileRef = 8795C89229AE0FAA007868B3 /* HomeController.swift */; };
		8795C89829AE1C00007868B3 /* Extensions.swift in Sources */ = {isa = PBXBuildFile; fileRef = 8795C89729AE1C00007868B3 /* Extensions.swift */; };
		8795C89A29AE1D32007868B3 /* HomeNavigationStackView.swift in Sources */ = {isa = PBXBuildFile; fileRef = 8795C89929AE1D32007868B3 /* HomeNavigationStackView.swift */; };
		8795C89C29AE2BF3007868B3 /* BottomControlsStackView.swift in Sources */ = {isa = PBXBuildFile; fileRef = 8795C89B29AE2BF3007868B3 /* BottomControlsStackView.swift */; };
		87C33A9A29AF5C87005FC13A /* CardView.swift in Sources */ = {isa = PBXBuildFile; fileRef = 87C33A9929AF5C87005FC13A /* CardView.swift */; };
		87C33A9C29AFA13D005FC13A /* User.swift in Sources */ = {isa = PBXBuildFile; fileRef = 87C33A9B29AFA13D005FC13A /* User.swift */; };
		87C33A9E29AFA2AD005FC13A /* CardViewModel.swift in Sources */ = {isa = PBXBuildFile; fileRef = 87C33A9D29AFA2AD005FC13A /* CardViewModel.swift */; };
		87C33AA129AFBF9C005FC13A /* LoginController.swift in Sources */ = {isa = PBXBuildFile; fileRef = 87C33AA029AFBF9C005FC13A /* LoginController.swift */; };
		87C33AA529AFBFB3005FC13A /* RegistrationController.swift in Sources */ = {isa = PBXBuildFile; fileRef = 87C33AA429AFBFB3005FC13A /* RegistrationController.swift */; };
		87C33AA729AFCA4D005FC13A /* CustomTextField.swift in Sources */ = {isa = PBXBuildFile; fileRef = 87C33AA629AFCA4D005FC13A /* CustomTextField.swift */; };
		87C33AA929B08E97005FC13A /* AuthButton.swift in Sources */ = {isa = PBXBuildFile; fileRef = 87C33AA829B08E97005FC13A /* AuthButton.swift */; };
		87C33AAB29B0AB76005FC13A /* AuthenticationViewModel.swift in Sources */ = {isa = PBXBuildFile; fileRef = 87C33AAA29B0AB76005FC13A /* AuthenticationViewModel.swift */; };
		87C33AAD29B0D0AB005FC13A /* GoogleService-Info.plist in Resources */ = {isa = PBXBuildFile; fileRef = 87C33AAC29B0D0AB005FC13A /* GoogleService-Info.plist */; };
		87D1C14F29B0DCC600AC6810 /* FirebaseAnalytics in Frameworks */ = {isa = PBXBuildFile; productRef = 87D1C14E29B0DCC600AC6810 /* FirebaseAnalytics */; };
		87D1C15129B0DCC600AC6810 /* FirebaseAnalyticsOnDeviceConversion in Frameworks */ = {isa = PBXBuildFile; productRef = 87D1C15029B0DCC600AC6810 /* FirebaseAnalyticsOnDeviceConversion */; };
		87D1C15329B0DCC600AC6810 /* FirebaseAnalyticsSwift in Frameworks */ = {isa = PBXBuildFile; productRef = 87D1C15229B0DCC600AC6810 /* FirebaseAnalyticsSwift */; };
		87D1C15529B0DCC600AC6810 /* FirebaseAnalyticsWithoutAdIdSupport in Frameworks */ = {isa = PBXBuildFile; productRef = 87D1C15429B0DCC600AC6810 /* FirebaseAnalyticsWithoutAdIdSupport */; };
		87D1C15729B0DCC600AC6810 /* FirebaseAppCheck in Frameworks */ = {isa = PBXBuildFile; productRef = 87D1C15629B0DCC600AC6810 /* FirebaseAppCheck */; };
		87D1C15929B0DCC600AC6810 /* FirebaseAppDistribution-Beta in Frameworks */ = {isa = PBXBuildFile; productRef = 87D1C15829B0DCC600AC6810 /* FirebaseAppDistribution-Beta */; };
		87D1C15B29B0DCC600AC6810 /* FirebaseAuth in Frameworks */ = {isa = PBXBuildFile; productRef = 87D1C15A29B0DCC600AC6810 /* FirebaseAuth */; };
		87D1C15D29B0DCC600AC6810 /* FirebaseAuthCombine-Community in Frameworks */ = {isa = PBXBuildFile; productRef = 87D1C15C29B0DCC600AC6810 /* FirebaseAuthCombine-Community */; };
		87D1C15F29B0DCC600AC6810 /* FirebaseCrashlytics in Frameworks */ = {isa = PBXBuildFile; productRef = 87D1C15E29B0DCC600AC6810 /* FirebaseCrashlytics */; };
		87D1C16129B0DCC600AC6810 /* FirebaseDatabase in Frameworks */ = {isa = PBXBuildFile; productRef = 87D1C16029B0DCC600AC6810 /* FirebaseDatabase */; };
		87D1C16329B0DCC600AC6810 /* FirebaseDatabaseSwift in Frameworks */ = {isa = PBXBuildFile; productRef = 87D1C16229B0DCC600AC6810 /* FirebaseDatabaseSwift */; };
		87D1C16529B0DCC600AC6810 /* FirebaseDynamicLinks in Frameworks */ = {isa = PBXBuildFile; productRef = 87D1C16429B0DCC600AC6810 /* FirebaseDynamicLinks */; };
		87D1C16729B0DCC600AC6810 /* FirebaseFirestore in Frameworks */ = {isa = PBXBuildFile; productRef = 87D1C16629B0DCC600AC6810 /* FirebaseFirestore */; };
		87D1C16929B0DCC600AC6810 /* FirebaseFirestoreCombine-Community in Frameworks */ = {isa = PBXBuildFile; productRef = 87D1C16829B0DCC600AC6810 /* FirebaseFirestoreCombine-Community */; };
		87D1C16B29B0DCC600AC6810 /* FirebaseFirestoreSwift in Frameworks */ = {isa = PBXBuildFile; productRef = 87D1C16A29B0DCC600AC6810 /* FirebaseFirestoreSwift */; };
		87D1C16D29B0DCC600AC6810 /* FirebaseFunctions in Frameworks */ = {isa = PBXBuildFile; productRef = 87D1C16C29B0DCC600AC6810 /* FirebaseFunctions */; };
		87D1C16F29B0DCC600AC6810 /* FirebaseFunctionsCombine-Community in Frameworks */ = {isa = PBXBuildFile; productRef = 87D1C16E29B0DCC600AC6810 /* FirebaseFunctionsCombine-Community */; };
		87D1C17129B0DCC600AC6810 /* FirebaseInAppMessaging-Beta in Frameworks */ = {isa = PBXBuildFile; productRef = 87D1C17029B0DCC600AC6810 /* FirebaseInAppMessaging-Beta */; };
		87D1C17329B0DCC600AC6810 /* FirebaseInAppMessagingSwift-Beta in Frameworks */ = {isa = PBXBuildFile; productRef = 87D1C17229B0DCC600AC6810 /* FirebaseInAppMessagingSwift-Beta */; };
		87D1C17529B0DCC600AC6810 /* FirebaseInstallations in Frameworks */ = {isa = PBXBuildFile; productRef = 87D1C17429B0DCC600AC6810 /* FirebaseInstallations */; };
		87D1C17729B0DCC600AC6810 /* FirebaseMLModelDownloader in Frameworks */ = {isa = PBXBuildFile; productRef = 87D1C17629B0DCC600AC6810 /* FirebaseMLModelDownloader */; };
		87D1C17929B0DCC600AC6810 /* FirebaseMessaging in Frameworks */ = {isa = PBXBuildFile; productRef = 87D1C17829B0DCC600AC6810 /* FirebaseMessaging */; };
		87D1C17B29B0DCC600AC6810 /* FirebasePerformance in Frameworks */ = {isa = PBXBuildFile; productRef = 87D1C17A29B0DCC600AC6810 /* FirebasePerformance */; };
		87D1C17D29B0DCC600AC6810 /* FirebaseRemoteConfig in Frameworks */ = {isa = PBXBuildFile; productRef = 87D1C17C29B0DCC600AC6810 /* FirebaseRemoteConfig */; };
		87D1C17F29B0DCC600AC6810 /* FirebaseRemoteConfigSwift in Frameworks */ = {isa = PBXBuildFile; productRef = 87D1C17E29B0DCC600AC6810 /* FirebaseRemoteConfigSwift */; };
		87D1C18129B0DCC600AC6810 /* FirebaseStorage in Frameworks */ = {isa = PBXBuildFile; productRef = 87D1C18029B0DCC600AC6810 /* FirebaseStorage */; };
		87D1C18329B0DCC600AC6810 /* FirebaseStorageCombine-Community in Frameworks */ = {isa = PBXBuildFile; productRef = 87D1C18229B0DCC600AC6810 /* FirebaseStorageCombine-Community */; };
		87D1C18629B0DDD200AC6810 /* SDWebImage in Frameworks */ = {isa = PBXBuildFile; productRef = 87D1C18529B0DDD200AC6810 /* SDWebImage */; };
		87D1C18829B0DDD200AC6810 /* SDWebImageMapKit in Frameworks */ = {isa = PBXBuildFile; productRef = 87D1C18729B0DDD200AC6810 /* SDWebImageMapKit */; };
		87D1C18B29B0DE1D00AC6810 /* JGProgressHUD in Frameworks */ = {isa = PBXBuildFile; productRef = 87D1C18A29B0DE1D00AC6810 /* JGProgressHUD */; };
		87D1C18D29B1C9A500AC6810 /* AuthService.swift in Sources */ = {isa = PBXBuildFile; fileRef = 87D1C18C29B1C9A500AC6810 /* AuthService.swift */; };
		87D1C18F29B1C9B600AC6810 /* Service.swift in Sources */ = {isa = PBXBuildFile; fileRef = 87D1C18E29B1C9B600AC6810 /* Service.swift */; };
		87D1C1B129B2739F00AC6810 /* Constants.swift in Sources */ = {isa = PBXBuildFile; fileRef = 87D1C1B029B2739F00AC6810 /* Constants.swift */; };
		87D1C1B329B48C5300AC6810 /* SettingsController.swift in Sources */ = {isa = PBXBuildFile; fileRef = 87D1C1B229B48C5300AC6810 /* SettingsController.swift */; };
/* End PBXBuildFile section */

/* Begin PBXFileReference section */
		8795C87129AE0E60007868B3 /* TinderTutorial.app */ = {isa = PBXFileReference; explicitFileType = wrapper.application; includeInIndex = 0; path = TinderTutorial.app; sourceTree = BUILT_PRODUCTS_DIR; };
		8795C87429AE0E60007868B3 /* AppDelegate.swift */ = {isa = PBXFileReference; lastKnownFileType = sourcecode.swift; path = AppDelegate.swift; sourceTree = "<group>"; };
		8795C87629AE0E60007868B3 /* SceneDelegate.swift */ = {isa = PBXFileReference; lastKnownFileType = sourcecode.swift; path = SceneDelegate.swift; sourceTree = "<group>"; };
		8795C87B29AE0E60007868B3 /* Base */ = {isa = PBXFileReference; lastKnownFileType = file.storyboard; name = Base; path = Base.lproj/Main.storyboard; sourceTree = "<group>"; };
		8795C87D29AE0E61007868B3 /* Assets.xcassets */ = {isa = PBXFileReference; lastKnownFileType = folder.assetcatalog; path = Assets.xcassets; sourceTree = "<group>"; };
		8795C88029AE0E61007868B3 /* Base */ = {isa = PBXFileReference; lastKnownFileType = file.storyboard; name = Base; path = Base.lproj/LaunchScreen.storyboard; sourceTree = "<group>"; };
		8795C88229AE0E61007868B3 /* Info.plist */ = {isa = PBXFileReference; lastKnownFileType = text.plist.xml; path = Info.plist; sourceTree = "<group>"; };
		8795C89229AE0FAA007868B3 /* HomeController.swift */ = {isa = PBXFileReference; lastKnownFileType = sourcecode.swift; path = HomeController.swift; sourceTree = "<group>"; };
		8795C89729AE1C00007868B3 /* Extensions.swift */ = {isa = PBXFileReference; lastKnownFileType = sourcecode.swift; path = Extensions.swift; sourceTree = "<group>"; };
		8795C89929AE1D32007868B3 /* HomeNavigationStackView.swift */ = {isa = PBXFileReference; lastKnownFileType = sourcecode.swift; path = HomeNavigationStackView.swift; sourceTree = "<group>"; };
		8795C89B29AE2BF3007868B3 /* BottomControlsStackView.swift */ = {isa = PBXFileReference; lastKnownFileType = sourcecode.swift; path = BottomControlsStackView.swift; sourceTree = "<group>"; };
		87C33A9929AF5C87005FC13A /* CardView.swift */ = {isa = PBXFileReference; lastKnownFileType = sourcecode.swift; path = CardView.swift; sourceTree = "<group>"; };
		87C33A9B29AFA13D005FC13A /* User.swift */ = {isa = PBXFileReference; lastKnownFileType = sourcecode.swift; path = User.swift; sourceTree = "<group>"; };
		87C33A9D29AFA2AD005FC13A /* CardViewModel.swift */ = {isa = PBXFileReference; lastKnownFileType = sourcecode.swift; path = CardViewModel.swift; sourceTree = "<group>"; };
		87C33AA029AFBF9C005FC13A /* LoginController.swift */ = {isa = PBXFileReference; lastKnownFileType = sourcecode.swift; path = LoginController.swift; sourceTree = "<group>"; };
		87C33AA429AFBFB3005FC13A /* RegistrationController.swift */ = {isa = PBXFileReference; lastKnownFileType = sourcecode.swift; path = RegistrationController.swift; sourceTree = "<group>"; };
		87C33AA629AFCA4D005FC13A /* CustomTextField.swift */ = {isa = PBXFileReference; lastKnownFileType = sourcecode.swift; path = CustomTextField.swift; sourceTree = "<group>"; };
		87C33AA829B08E97005FC13A /* AuthButton.swift */ = {isa = PBXFileReference; lastKnownFileType = sourcecode.swift; path = AuthButton.swift; sourceTree = "<group>"; };
		87C33AAA29B0AB76005FC13A /* AuthenticationViewModel.swift */ = {isa = PBXFileReference; lastKnownFileType = sourcecode.swift; path = AuthenticationViewModel.swift; sourceTree = "<group>"; };
		87C33AAC29B0D0AB005FC13A /* GoogleService-Info.plist */ = {isa = PBXFileReference; fileEncoding = 4; lastKnownFileType = text.plist.xml; path = "GoogleService-Info.plist"; sourceTree = "<group>"; };
		87D1C18C29B1C9A500AC6810 /* AuthService.swift */ = {isa = PBXFileReference; lastKnownFileType = sourcecode.swift; path = AuthService.swift; sourceTree = "<group>"; };
		87D1C18E29B1C9B600AC6810 /* Service.swift */ = {isa = PBXFileReference; lastKnownFileType = sourcecode.swift; path = Service.swift; sourceTree = "<group>"; };
		87D1C1B029B2739F00AC6810 /* Constants.swift */ = {isa = PBXFileReference; lastKnownFileType = sourcecode.swift; path = Constants.swift; sourceTree = "<group>"; };
		87D1C1B229B48C5300AC6810 /* SettingsController.swift */ = {isa = PBXFileReference; lastKnownFileType = sourcecode.swift; path = SettingsController.swift; sourceTree = "<group>"; };
/* End PBXFileReference section */

/* Begin PBXFrameworksBuildPhase section */
		8795C86E29AE0E60007868B3 /* Frameworks */ = {
			isa = PBXFrameworksBuildPhase;
			buildActionMask = 2147483647;
			files = (
				87D1C18829B0DDD200AC6810 /* SDWebImageMapKit in Frameworks */,
				87D1C16129B0DCC600AC6810 /* FirebaseDatabase in Frameworks */,
				87D1C16F29B0DCC600AC6810 /* FirebaseFunctionsCombine-Community in Frameworks */,
				87D1C16729B0DCC600AC6810 /* FirebaseFirestore in Frameworks */,
				87D1C18B29B0DE1D00AC6810 /* JGProgressHUD in Frameworks */,
				87D1C15329B0DCC600AC6810 /* FirebaseAnalyticsSwift in Frameworks */,
				87D1C14F29B0DCC600AC6810 /* FirebaseAnalytics in Frameworks */,
				87D1C15129B0DCC600AC6810 /* FirebaseAnalyticsOnDeviceConversion in Frameworks */,
				87D1C17729B0DCC600AC6810 /* FirebaseMLModelDownloader in Frameworks */,
				87D1C16B29B0DCC600AC6810 /* FirebaseFirestoreSwift in Frameworks */,
				87D1C15729B0DCC600AC6810 /* FirebaseAppCheck in Frameworks */,
				87D1C15529B0DCC600AC6810 /* FirebaseAnalyticsWithoutAdIdSupport in Frameworks */,
				87D1C18629B0DDD200AC6810 /* SDWebImage in Frameworks */,
				87D1C15B29B0DCC600AC6810 /* FirebaseAuth in Frameworks */,
				87D1C15F29B0DCC600AC6810 /* FirebaseCrashlytics in Frameworks */,
				87D1C17F29B0DCC600AC6810 /* FirebaseRemoteConfigSwift in Frameworks */,
				87D1C17129B0DCC600AC6810 /* FirebaseInAppMessaging-Beta in Frameworks */,
				87D1C16329B0DCC600AC6810 /* FirebaseDatabaseSwift in Frameworks */,
				87D1C16D29B0DCC600AC6810 /* FirebaseFunctions in Frameworks */,
				87D1C18329B0DCC600AC6810 /* FirebaseStorageCombine-Community in Frameworks */,
				87D1C17D29B0DCC600AC6810 /* FirebaseRemoteConfig in Frameworks */,
				87D1C15929B0DCC600AC6810 /* FirebaseAppDistribution-Beta in Frameworks */,
				87D1C15D29B0DCC600AC6810 /* FirebaseAuthCombine-Community in Frameworks */,
				87D1C17B29B0DCC600AC6810 /* FirebasePerformance in Frameworks */,
				87D1C17329B0DCC600AC6810 /* FirebaseInAppMessagingSwift-Beta in Frameworks */,
				87D1C18129B0DCC600AC6810 /* FirebaseStorage in Frameworks */,
				87D1C16529B0DCC600AC6810 /* FirebaseDynamicLinks in Frameworks */,
				87D1C16929B0DCC600AC6810 /* FirebaseFirestoreCombine-Community in Frameworks */,
				87D1C17929B0DCC600AC6810 /* FirebaseMessaging in Frameworks */,
				87D1C17529B0DCC600AC6810 /* FirebaseInstallations in Frameworks */,
			);
			runOnlyForDeploymentPostprocessing = 0;
		};
/* End PBXFrameworksBuildPhase section */

/* Begin PBXGroup section */
		8795C86829AE0E5F007868B3 = {
			isa = PBXGroup;
			children = (
				8795C87329AE0E60007868B3 /* TinderTutorial */,
				87C33AAC29B0D0AB005FC13A /* GoogleService-Info.plist */,
				8795C87229AE0E60007868B3 /* Products */,
			);
			sourceTree = "<group>";
		};
		8795C87229AE0E60007868B3 /* Products */ = {
			isa = PBXGroup;
			children = (
				8795C87129AE0E60007868B3 /* TinderTutorial.app */,
			);
			name = Products;
			sourceTree = "<group>";
		};
		8795C87329AE0E60007868B3 /* TinderTutorial */ = {
			isa = PBXGroup;
			children = (
				8795C89129AE0ED2007868B3 /* Model */,
				8795C88F29AE0EC5007868B3 /* View */,
				8795C88E29AE0EC1007868B3 /* ViewModel */,
				8795C88D29AE0EBF007868B3 /* Controller */,
				8795C88A29AE0EB2007868B3 /* API */,
				8795C88829AE0E9A007868B3 /* Utilities */,
				8795C89629AE1235007868B3 /* Resoures */,
				8795C89429AE11DE007868B3 /* App */,
				8795C89529AE120A007868B3 /* Storyboards */,
			);
			path = TinderTutorial;
			sourceTree = "<group>";
		};
		8795C88829AE0E9A007868B3 /* Utilities */ = {
			isa = PBXGroup;
			children = (
				8795C89729AE1C00007868B3 /* Extensions.swift */,
				87C33AA629AFCA4D005FC13A /* CustomTextField.swift */,
				87C33AA829B08E97005FC13A /* AuthButton.swift */,
				87D1C1B029B2739F00AC6810 /* Constants.swift */,
			);
			path = Utilities;
			sourceTree = "<group>";
		};
		8795C88A29AE0EB2007868B3 /* API */ = {
			isa = PBXGroup;
			children = (
				87D1C18C29B1C9A500AC6810 /* AuthService.swift */,
				87D1C18E29B1C9B600AC6810 /* Service.swift */,
			);
			path = API;
			sourceTree = "<group>";
		};
		8795C88D29AE0EBF007868B3 /* Controller */ = {
			isa = PBXGroup;
			children = (
				87C33A9F29AFBF7A005FC13A /* Authentication */,
				8795C89229AE0FAA007868B3 /* HomeController.swift */,
				87D1C1B229B48C5300AC6810 /* SettingsController.swift */,
			);
			path = Controller;
			sourceTree = "<group>";
		};
		8795C88E29AE0EC1007868B3 /* ViewModel */ = {
			isa = PBXGroup;
			children = (
				87C33A9D29AFA2AD005FC13A /* CardViewModel.swift */,
				87C33AAA29B0AB76005FC13A /* AuthenticationViewModel.swift */,
			);
			path = ViewModel;
			sourceTree = "<group>";
		};
		8795C88F29AE0EC5007868B3 /* View */ = {
			isa = PBXGroup;
			children = (
				8795C89929AE1D32007868B3 /* HomeNavigationStackView.swift */,
				8795C89B29AE2BF3007868B3 /* BottomControlsStackView.swift */,
				87C33A9929AF5C87005FC13A /* CardView.swift */,
			);
			path = View;
			sourceTree = "<group>";
		};
		8795C89129AE0ED2007868B3 /* Model */ = {
			isa = PBXGroup;
			children = (
				87C33A9B29AFA13D005FC13A /* User.swift */,
			);
			path = Model;
			sourceTree = "<group>";
		};
		8795C89429AE11DE007868B3 /* App */ = {
			isa = PBXGroup;
			children = (
				8795C87629AE0E60007868B3 /* SceneDelegate.swift */,
				8795C87429AE0E60007868B3 /* AppDelegate.swift */,
				8795C88229AE0E61007868B3 /* Info.plist */,
			);
			path = App;
			sourceTree = "<group>";
		};
		8795C89529AE120A007868B3 /* Storyboards */ = {
			isa = PBXGroup;
			children = (
				8795C87A29AE0E60007868B3 /* Main.storyboard */,
				8795C87F29AE0E61007868B3 /* LaunchScreen.storyboard */,
			);
			path = Storyboards;
			sourceTree = "<group>";
		};
		8795C89629AE1235007868B3 /* Resoures */ = {
			isa = PBXGroup;
			children = (
				8795C87D29AE0E61007868B3 /* Assets.xcassets */,
			);
			path = Resoures;
			sourceTree = "<group>";
		};
		87C33A9F29AFBF7A005FC13A /* Authentication */ = {
			isa = PBXGroup;
			children = (
				87C33AA029AFBF9C005FC13A /* LoginController.swift */,
				87C33AA429AFBFB3005FC13A /* RegistrationController.swift */,
			);
			path = Authentication;
			sourceTree = "<group>";
		};
/* End PBXGroup section */

/* Begin PBXNativeTarget section */
		8795C87029AE0E60007868B3 /* TinderTutorial */ = {
			isa = PBXNativeTarget;
			buildConfigurationList = 8795C88529AE0E61007868B3 /* Build configuration list for PBXNativeTarget "TinderTutorial" */;
			buildPhases = (
				8795C86D29AE0E60007868B3 /* Sources */,
				8795C86E29AE0E60007868B3 /* Frameworks */,
				8795C86F29AE0E60007868B3 /* Resources */,
			);
			buildRules = (
			);
			dependencies = (
			);
			name = TinderTutorial;
			packageProductDependencies = (
				87D1C14E29B0DCC600AC6810 /* FirebaseAnalytics */,
				87D1C15029B0DCC600AC6810 /* FirebaseAnalyticsOnDeviceConversion */,
				87D1C15229B0DCC600AC6810 /* FirebaseAnalyticsSwift */,
				87D1C15429B0DCC600AC6810 /* FirebaseAnalyticsWithoutAdIdSupport */,
				87D1C15629B0DCC600AC6810 /* FirebaseAppCheck */,
				87D1C15829B0DCC600AC6810 /* FirebaseAppDistribution-Beta */,
				87D1C15A29B0DCC600AC6810 /* FirebaseAuth */,
				87D1C15C29B0DCC600AC6810 /* FirebaseAuthCombine-Community */,
				87D1C15E29B0DCC600AC6810 /* FirebaseCrashlytics */,
				87D1C16029B0DCC600AC6810 /* FirebaseDatabase */,
				87D1C16229B0DCC600AC6810 /* FirebaseDatabaseSwift */,
				87D1C16429B0DCC600AC6810 /* FirebaseDynamicLinks */,
				87D1C16629B0DCC600AC6810 /* FirebaseFirestore */,
				87D1C16829B0DCC600AC6810 /* FirebaseFirestoreCombine-Community */,
				87D1C16A29B0DCC600AC6810 /* FirebaseFirestoreSwift */,
				87D1C16C29B0DCC600AC6810 /* FirebaseFunctions */,
				87D1C16E29B0DCC600AC6810 /* FirebaseFunctionsCombine-Community */,
				87D1C17029B0DCC600AC6810 /* FirebaseInAppMessaging-Beta */,
				87D1C17229B0DCC600AC6810 /* FirebaseInAppMessagingSwift-Beta */,
				87D1C17429B0DCC600AC6810 /* FirebaseInstallations */,
				87D1C17629B0DCC600AC6810 /* FirebaseMLModelDownloader */,
				87D1C17829B0DCC600AC6810 /* FirebaseMessaging */,
				87D1C17A29B0DCC600AC6810 /* FirebasePerformance */,
				87D1C17C29B0DCC600AC6810 /* FirebaseRemoteConfig */,
				87D1C17E29B0DCC600AC6810 /* FirebaseRemoteConfigSwift */,
				87D1C18029B0DCC600AC6810 /* FirebaseStorage */,
				87D1C18229B0DCC600AC6810 /* FirebaseStorageCombine-Community */,
				87D1C18529B0DDD200AC6810 /* SDWebImage */,
				87D1C18729B0DDD200AC6810 /* SDWebImageMapKit */,
				87D1C18A29B0DE1D00AC6810 /* JGProgressHUD */,
			);
			productName = TinderTutorial;
			productReference = 8795C87129AE0E60007868B3 /* TinderTutorial.app */;
			productType = "com.apple.product-type.application";
		};
/* End PBXNativeTarget section */

/* Begin PBXProject section */
		8795C86929AE0E5F007868B3 /* Project object */ = {
			isa = PBXProject;
			attributes = {
				BuildIndependentTargetsInParallel = 1;
				LastSwiftUpdateCheck = 1420;
				LastUpgradeCheck = 1420;
				TargetAttributes = {
					8795C87029AE0E60007868B3 = {
						CreatedOnToolsVersion = 14.2;
					};
				};
			};
			buildConfigurationList = 8795C86C29AE0E5F007868B3 /* Build configuration list for PBXProject "TinderTutorial" */;
			compatibilityVersion = "Xcode 14.0";
			developmentRegion = en;
			hasScannedForEncodings = 0;
			knownRegions = (
				en,
				Base,
			);
			mainGroup = 8795C86829AE0E5F007868B3;
			packageReferences = (
				87D1C14D29B0DCC600AC6810 /* XCRemoteSwiftPackageReference "firebase-ios-sdk" */,
				87D1C18429B0DDD200AC6810 /* XCRemoteSwiftPackageReference "SDWebImage" */,
				87D1C18929B0DE1D00AC6810 /* XCRemoteSwiftPackageReference "JGProgressHUD" */,
			);
			productRefGroup = 8795C87229AE0E60007868B3 /* Products */;
			projectDirPath = "";
			projectRoot = "";
			targets = (
				8795C87029AE0E60007868B3 /* TinderTutorial */,
			);
		};
/* End PBXProject section */

/* Begin PBXResourcesBuildPhase section */
		8795C86F29AE0E60007868B3 /* Resources */ = {
			isa = PBXResourcesBuildPhase;
			buildActionMask = 2147483647;
			files = (
				8795C88129AE0E61007868B3 /* LaunchScreen.storyboard in Resources */,
				87C33AAD29B0D0AB005FC13A /* GoogleService-Info.plist in Resources */,
				8795C87E29AE0E61007868B3 /* Assets.xcassets in Resources */,
				8795C87C29AE0E60007868B3 /* Main.storyboard in Resources */,
			);
			runOnlyForDeploymentPostprocessing = 0;
		};
/* End PBXResourcesBuildPhase section */

/* Begin PBXSourcesBuildPhase section */
		8795C86D29AE0E60007868B3 /* Sources */ = {
			isa = PBXSourcesBuildPhase;
			buildActionMask = 2147483647;
			files = (
				87D1C1B329B48C5300AC6810 /* SettingsController.swift in Sources */,
				87C33A9A29AF5C87005FC13A /* CardView.swift in Sources */,
				87D1C1B129B2739F00AC6810 /* Constants.swift in Sources */,
				87C33AA929B08E97005FC13A /* AuthButton.swift in Sources */,
				87C33AAB29B0AB76005FC13A /* AuthenticationViewModel.swift in Sources */,
				8795C89C29AE2BF3007868B3 /* BottomControlsStackView.swift in Sources */,
				8795C87529AE0E60007868B3 /* AppDelegate.swift in Sources */,
				8795C87729AE0E60007868B3 /* SceneDelegate.swift in Sources */,
				87C33A9C29AFA13D005FC13A /* User.swift in Sources */,
				8795C89A29AE1D32007868B3 /* HomeNavigationStackView.swift in Sources */,
				87C33AA529AFBFB3005FC13A /* RegistrationController.swift in Sources */,
				87D1C18F29B1C9B600AC6810 /* Service.swift in Sources */,
				8795C89329AE0FAA007868B3 /* HomeController.swift in Sources */,
				87C33AA729AFCA4D005FC13A /* CustomTextField.swift in Sources */,
				8795C89829AE1C00007868B3 /* Extensions.swift in Sources */,
				87D1C18D29B1C9A500AC6810 /* AuthService.swift in Sources */,
				87C33A9E29AFA2AD005FC13A /* CardViewModel.swift in Sources */,
				87C33AA129AFBF9C005FC13A /* LoginController.swift in Sources */,
			);
			runOnlyForDeploymentPostprocessing = 0;
		};
/* End PBXSourcesBuildPhase section */

/* Begin PBXVariantGroup section */
		8795C87A29AE0E60007868B3 /* Main.storyboard */ = {
			isa = PBXVariantGroup;
			children = (
				8795C87B29AE0E60007868B3 /* Base */,
			);
			name = Main.storyboard;
			sourceTree = "<group>";
		};
		8795C87F29AE0E61007868B3 /* LaunchScreen.storyboard */ = {
			isa = PBXVariantGroup;
			children = (
				8795C88029AE0E61007868B3 /* Base */,
			);
			name = LaunchScreen.storyboard;
			sourceTree = "<group>";
		};
/* End PBXVariantGroup section */

/* Begin XCBuildConfiguration section */
		8795C88329AE0E61007868B3 /* Debug */ = {
			isa = XCBuildConfiguration;
			buildSettings = {
				ALWAYS_SEARCH_USER_PATHS = NO;
				CLANG_ANALYZER_NONNULL = YES;
				CLANG_ANALYZER_NUMBER_OBJECT_CONVERSION = YES_AGGRESSIVE;
				CLANG_CXX_LANGUAGE_STANDARD = "gnu++20";
				CLANG_ENABLE_MODULES = YES;
				CLANG_ENABLE_OBJC_ARC = YES;
				CLANG_ENABLE_OBJC_WEAK = YES;
				CLANG_WARN_BLOCK_CAPTURE_AUTORELEASING = YES;
				CLANG_WARN_BOOL_CONVERSION = YES;
				CLANG_WARN_COMMA = YES;
				CLANG_WARN_CONSTANT_CONVERSION = YES;
				CLANG_WARN_DEPRECATED_OBJC_IMPLEMENTATIONS = YES;
				CLANG_WARN_DIRECT_OBJC_ISA_USAGE = YES_ERROR;
				CLANG_WARN_DOCUMENTATION_COMMENTS = YES;
				CLANG_WARN_EMPTY_BODY = YES;
				CLANG_WARN_ENUM_CONVERSION = YES;
				CLANG_WARN_INFINITE_RECURSION = YES;
				CLANG_WARN_INT_CONVERSION = YES;
				CLANG_WARN_NON_LITERAL_NULL_CONVERSION = YES;
				CLANG_WARN_OBJC_IMPLICIT_RETAIN_SELF = YES;
				CLANG_WARN_OBJC_LITERAL_CONVERSION = YES;
				CLANG_WARN_OBJC_ROOT_CLASS = YES_ERROR;
				CLANG_WARN_QUOTED_INCLUDE_IN_FRAMEWORK_HEADER = YES;
				CLANG_WARN_RANGE_LOOP_ANALYSIS = YES;
				CLANG_WARN_STRICT_PROTOTYPES = YES;
				CLANG_WARN_SUSPICIOUS_MOVE = YES;
				CLANG_WARN_UNGUARDED_AVAILABILITY = YES_AGGRESSIVE;
				CLANG_WARN_UNREACHABLE_CODE = YES;
				CLANG_WARN__DUPLICATE_METHOD_MATCH = YES;
				COPY_PHASE_STRIP = NO;
				DEBUG_INFORMATION_FORMAT = dwarf;
				ENABLE_STRICT_OBJC_MSGSEND = YES;
				ENABLE_TESTABILITY = YES;
				GCC_C_LANGUAGE_STANDARD = gnu11;
				GCC_DYNAMIC_NO_PIC = NO;
				GCC_NO_COMMON_BLOCKS = YES;
				GCC_OPTIMIZATION_LEVEL = 0;
				GCC_PREPROCESSOR_DEFINITIONS = (
					"DEBUG=1",
					"$(inherited)",
				);
				GCC_WARN_64_TO_32_BIT_CONVERSION = YES;
				GCC_WARN_ABOUT_RETURN_TYPE = YES_ERROR;
				GCC_WARN_UNDECLARED_SELECTOR = YES;
				GCC_WARN_UNINITIALIZED_AUTOS = YES_AGGRESSIVE;
				GCC_WARN_UNUSED_FUNCTION = YES;
				GCC_WARN_UNUSED_VARIABLE = YES;
				IPHONEOS_DEPLOYMENT_TARGET = 16.2;
				MTL_ENABLE_DEBUG_INFO = INCLUDE_SOURCE;
				MTL_FAST_MATH = YES;
				ONLY_ACTIVE_ARCH = YES;
				SDKROOT = iphoneos;
				SWIFT_ACTIVE_COMPILATION_CONDITIONS = DEBUG;
				SWIFT_OPTIMIZATION_LEVEL = "-Onone";
			};
			name = Debug;
		};
		8795C88429AE0E61007868B3 /* Release */ = {
			isa = XCBuildConfiguration;
			buildSettings = {
				ALWAYS_SEARCH_USER_PATHS = NO;
				CLANG_ANALYZER_NONNULL = YES;
				CLANG_ANALYZER_NUMBER_OBJECT_CONVERSION = YES_AGGRESSIVE;
				CLANG_CXX_LANGUAGE_STANDARD = "gnu++20";
				CLANG_ENABLE_MODULES = YES;
				CLANG_ENABLE_OBJC_ARC = YES;
				CLANG_ENABLE_OBJC_WEAK = YES;
				CLANG_WARN_BLOCK_CAPTURE_AUTORELEASING = YES;
				CLANG_WARN_BOOL_CONVERSION = YES;
				CLANG_WARN_COMMA = YES;
				CLANG_WARN_CONSTANT_CONVERSION = YES;
				CLANG_WARN_DEPRECATED_OBJC_IMPLEMENTATIONS = YES;
				CLANG_WARN_DIRECT_OBJC_ISA_USAGE = YES_ERROR;
				CLANG_WARN_DOCUMENTATION_COMMENTS = YES;
				CLANG_WARN_EMPTY_BODY = YES;
				CLANG_WARN_ENUM_CONVERSION = YES;
				CLANG_WARN_INFINITE_RECURSION = YES;
				CLANG_WARN_INT_CONVERSION = YES;
				CLANG_WARN_NON_LITERAL_NULL_CONVERSION = YES;
				CLANG_WARN_OBJC_IMPLICIT_RETAIN_SELF = YES;
				CLANG_WARN_OBJC_LITERAL_CONVERSION = YES;
				CLANG_WARN_OBJC_ROOT_CLASS = YES_ERROR;
				CLANG_WARN_QUOTED_INCLUDE_IN_FRAMEWORK_HEADER = YES;
				CLANG_WARN_RANGE_LOOP_ANALYSIS = YES;
				CLANG_WARN_STRICT_PROTOTYPES = YES;
				CLANG_WARN_SUSPICIOUS_MOVE = YES;
				CLANG_WARN_UNGUARDED_AVAILABILITY = YES_AGGRESSIVE;
				CLANG_WARN_UNREACHABLE_CODE = YES;
				CLANG_WARN__DUPLICATE_METHOD_MATCH = YES;
				COPY_PHASE_STRIP = NO;
				DEBUG_INFORMATION_FORMAT = "dwarf-with-dsym";
				ENABLE_NS_ASSERTIONS = NO;
				ENABLE_STRICT_OBJC_MSGSEND = YES;
				GCC_C_LANGUAGE_STANDARD = gnu11;
				GCC_NO_COMMON_BLOCKS = YES;
				GCC_WARN_64_TO_32_BIT_CONVERSION = YES;
				GCC_WARN_ABOUT_RETURN_TYPE = YES_ERROR;
				GCC_WARN_UNDECLARED_SELECTOR = YES;
				GCC_WARN_UNINITIALIZED_AUTOS = YES_AGGRESSIVE;
				GCC_WARN_UNUSED_FUNCTION = YES;
				GCC_WARN_UNUSED_VARIABLE = YES;
				IPHONEOS_DEPLOYMENT_TARGET = 16.2;
				MTL_ENABLE_DEBUG_INFO = NO;
				MTL_FAST_MATH = YES;
				SDKROOT = iphoneos;
				SWIFT_COMPILATION_MODE = wholemodule;
				SWIFT_OPTIMIZATION_LEVEL = "-O";
				VALIDATE_PRODUCT = YES;
			};
			name = Release;
		};
		8795C88629AE0E61007868B3 /* Debug */ = {
			isa = XCBuildConfiguration;
			buildSettings = {
				ASSETCATALOG_COMPILER_APPICON_NAME = AppIcon;
				ASSETCATALOG_COMPILER_GLOBAL_ACCENT_COLOR_NAME = AccentColor;
				CODE_SIGN_STYLE = Automatic;
				CURRENT_PROJECT_VERSION = 1;
				DEVELOPMENT_TEAM = S5QF774VV5;
				GENERATE_INFOPLIST_FILE = YES;
				INFOPLIST_FILE = TinderTutorial/App/Info.plist;
				INFOPLIST_KEY_UIApplicationSupportsIndirectInputEvents = YES;
				INFOPLIST_KEY_UILaunchStoryboardName = LaunchScreen;
				INFOPLIST_KEY_UIMainStoryboardFile = Main;
				INFOPLIST_KEY_UISupportedInterfaceOrientations_iPad = "UIInterfaceOrientationPortrait UIInterfaceOrientationPortraitUpsideDown UIInterfaceOrientationLandscapeLeft UIInterfaceOrientationLandscapeRight";
				INFOPLIST_KEY_UISupportedInterfaceOrientations_iPhone = "UIInterfaceOrientationPortrait UIInterfaceOrientationLandscapeLeft UIInterfaceOrientationLandscapeRight";
				LD_RUNPATH_SEARCH_PATHS = (
					"$(inherited)",
					"@executable_path/Frameworks",
				);
				MARKETING_VERSION = 1.0;
				PRODUCT_BUNDLE_IDENTIFIER = com.ivankhudyakov.TinderTutorial;
				PRODUCT_NAME = "$(TARGET_NAME)";
				SWIFT_EMIT_LOC_STRINGS = YES;
				SWIFT_VERSION = 5.0;
				TARGETED_DEVICE_FAMILY = "1,2";
			};
			name = Debug;
		};
		8795C88729AE0E61007868B3 /* Release */ = {
			isa = XCBuildConfiguration;
			buildSettings = {
				ASSETCATALOG_COMPILER_APPICON_NAME = AppIcon;
				ASSETCATALOG_COMPILER_GLOBAL_ACCENT_COLOR_NAME = AccentColor;
				CODE_SIGN_STYLE = Automatic;
				CURRENT_PROJECT_VERSION = 1;
				DEVELOPMENT_TEAM = S5QF774VV5;
				GENERATE_INFOPLIST_FILE = YES;
				INFOPLIST_FILE = TinderTutorial/App/Info.plist;
				INFOPLIST_KEY_UIApplicationSupportsIndirectInputEvents = YES;
				INFOPLIST_KEY_UILaunchStoryboardName = LaunchScreen;
				INFOPLIST_KEY_UIMainStoryboardFile = Main;
				INFOPLIST_KEY_UISupportedInterfaceOrientations_iPad = "UIInterfaceOrientationPortrait UIInterfaceOrientationPortraitUpsideDown UIInterfaceOrientationLandscapeLeft UIInterfaceOrientationLandscapeRight";
				INFOPLIST_KEY_UISupportedInterfaceOrientations_iPhone = "UIInterfaceOrientationPortrait UIInterfaceOrientationLandscapeLeft UIInterfaceOrientationLandscapeRight";
				LD_RUNPATH_SEARCH_PATHS = (
					"$(inherited)",
					"@executable_path/Frameworks",
				);
				MARKETING_VERSION = 1.0;
				PRODUCT_BUNDLE_IDENTIFIER = com.ivankhudyakov.TinderTutorial;
				PRODUCT_NAME = "$(TARGET_NAME)";
				SWIFT_EMIT_LOC_STRINGS = YES;
				SWIFT_VERSION = 5.0;
				TARGETED_DEVICE_FAMILY = "1,2";
			};
			name = Release;
		};
/* End XCBuildConfiguration section */

/* Begin XCConfigurationList section */
		8795C86C29AE0E5F007868B3 /* Build configuration list for PBXProject "TinderTutorial" */ = {
			isa = XCConfigurationList;
			buildConfigurations = (
				8795C88329AE0E61007868B3 /* Debug */,
				8795C88429AE0E61007868B3 /* Release */,
			);
			defaultConfigurationIsVisible = 0;
			defaultConfigurationName = Release;
		};
		8795C88529AE0E61007868B3 /* Build configuration list for PBXNativeTarget "TinderTutorial" */ = {
			isa = XCConfigurationList;
			buildConfigurations = (
				8795C88629AE0E61007868B3 /* Debug */,
				8795C88729AE0E61007868B3 /* Release */,
			);
			defaultConfigurationIsVisible = 0;
			defaultConfigurationName = Release;
		};
/* End XCConfigurationList section */

/* Begin XCRemoteSwiftPackageReference section */
		87D1C14D29B0DCC600AC6810 /* XCRemoteSwiftPackageReference "firebase-ios-sdk" */ = {
			isa = XCRemoteSwiftPackageReference;
			repositoryURL = "https://github.com/firebase/firebase-ios-sdk";
			requirement = {
				kind = upToNextMajorVersion;
				minimumVersion = 10.6.0;
			};
		};
		87D1C18429B0DDD200AC6810 /* XCRemoteSwiftPackageReference "SDWebImage" */ = {
			isa = XCRemoteSwiftPackageReference;
			repositoryURL = "https://github.com/SDWebImage/SDWebImage";
			requirement = {
				kind = upToNextMajorVersion;
				minimumVersion = 5.0.0;
			};
		};
		87D1C18929B0DE1D00AC6810 /* XCRemoteSwiftPackageReference "JGProgressHUD" */ = {
			isa = XCRemoteSwiftPackageReference;
			repositoryURL = "https://github.com/JonasGessner/JGProgressHUD";
			requirement = {
				kind = upToNextMajorVersion;
				minimumVersion = 2.0.0;
			};
		};
/* End XCRemoteSwiftPackageReference section */

/* Begin XCSwiftPackageProductDependency section */
		87D1C14E29B0DCC600AC6810 /* FirebaseAnalytics */ = {
			isa = XCSwiftPackageProductDependency;
			package = 87D1C14D29B0DCC600AC6810 /* XCRemoteSwiftPackageReference "firebase-ios-sdk" */;
			productName = FirebaseAnalytics;
		};
		87D1C15029B0DCC600AC6810 /* FirebaseAnalyticsOnDeviceConversion */ = {
			isa = XCSwiftPackageProductDependency;
			package = 87D1C14D29B0DCC600AC6810 /* XCRemoteSwiftPackageReference "firebase-ios-sdk" */;
			productName = FirebaseAnalyticsOnDeviceConversion;
		};
		87D1C15229B0DCC600AC6810 /* FirebaseAnalyticsSwift */ = {
			isa = XCSwiftPackageProductDependency;
			package = 87D1C14D29B0DCC600AC6810 /* XCRemoteSwiftPackageReference "firebase-ios-sdk" */;
			productName = FirebaseAnalyticsSwift;
		};
		87D1C15429B0DCC600AC6810 /* FirebaseAnalyticsWithoutAdIdSupport */ = {
			isa = XCSwiftPackageProductDependency;
			package = 87D1C14D29B0DCC600AC6810 /* XCRemoteSwiftPackageReference "firebase-ios-sdk" */;
			productName = FirebaseAnalyticsWithoutAdIdSupport;
		};
		87D1C15629B0DCC600AC6810 /* FirebaseAppCheck */ = {
			isa = XCSwiftPackageProductDependency;
			package = 87D1C14D29B0DCC600AC6810 /* XCRemoteSwiftPackageReference "firebase-ios-sdk" */;
			productName = FirebaseAppCheck;
		};
		87D1C15829B0DCC600AC6810 /* FirebaseAppDistribution-Beta */ = {
			isa = XCSwiftPackageProductDependency;
			package = 87D1C14D29B0DCC600AC6810 /* XCRemoteSwiftPackageReference "firebase-ios-sdk" */;
			productName = "FirebaseAppDistribution-Beta";
		};
		87D1C15A29B0DCC600AC6810 /* FirebaseAuth */ = {
			isa = XCSwiftPackageProductDependency;
			package = 87D1C14D29B0DCC600AC6810 /* XCRemoteSwiftPackageReference "firebase-ios-sdk" */;
			productName = FirebaseAuth;
		};
		87D1C15C29B0DCC600AC6810 /* FirebaseAuthCombine-Community */ = {
			isa = XCSwiftPackageProductDependency;
			package = 87D1C14D29B0DCC600AC6810 /* XCRemoteSwiftPackageReference "firebase-ios-sdk" */;
			productName = "FirebaseAuthCombine-Community";
		};
		87D1C15E29B0DCC600AC6810 /* FirebaseCrashlytics */ = {
			isa = XCSwiftPackageProductDependency;
			package = 87D1C14D29B0DCC600AC6810 /* XCRemoteSwiftPackageReference "firebase-ios-sdk" */;
			productName = FirebaseCrashlytics;
		};
		87D1C16029B0DCC600AC6810 /* FirebaseDatabase */ = {
			isa = XCSwiftPackageProductDependency;
			package = 87D1C14D29B0DCC600AC6810 /* XCRemoteSwiftPackageReference "firebase-ios-sdk" */;
			productName = FirebaseDatabase;
		};
		87D1C16229B0DCC600AC6810 /* FirebaseDatabaseSwift */ = {
			isa = XCSwiftPackageProductDependency;
			package = 87D1C14D29B0DCC600AC6810 /* XCRemoteSwiftPackageReference "firebase-ios-sdk" */;
			productName = FirebaseDatabaseSwift;
		};
		87D1C16429B0DCC600AC6810 /* FirebaseDynamicLinks */ = {
			isa = XCSwiftPackageProductDependency;
			package = 87D1C14D29B0DCC600AC6810 /* XCRemoteSwiftPackageReference "firebase-ios-sdk" */;
			productName = FirebaseDynamicLinks;
		};
		87D1C16629B0DCC600AC6810 /* FirebaseFirestore */ = {
			isa = XCSwiftPackageProductDependency;
			package = 87D1C14D29B0DCC600AC6810 /* XCRemoteSwiftPackageReference "firebase-ios-sdk" */;
			productName = FirebaseFirestore;
		};
		87D1C16829B0DCC600AC6810 /* FirebaseFirestoreCombine-Community */ = {
			isa = XCSwiftPackageProductDependency;
			package = 87D1C14D29B0DCC600AC6810 /* XCRemoteSwiftPackageReference "firebase-ios-sdk" */;
			productName = "FirebaseFirestoreCombine-Community";
		};
		87D1C16A29B0DCC600AC6810 /* FirebaseFirestoreSwift */ = {
			isa = XCSwiftPackageProductDependency;
			package = 87D1C14D29B0DCC600AC6810 /* XCRemoteSwiftPackageReference "firebase-ios-sdk" */;
			productName = FirebaseFirestoreSwift;
		};
		87D1C16C29B0DCC600AC6810 /* FirebaseFunctions */ = {
			isa = XCSwiftPackageProductDependency;
			package = 87D1C14D29B0DCC600AC6810 /* XCRemoteSwiftPackageReference "firebase-ios-sdk" */;
			productName = FirebaseFunctions;
		};
		87D1C16E29B0DCC600AC6810 /* FirebaseFunctionsCombine-Community */ = {
			isa = XCSwiftPackageProductDependency;
			package = 87D1C14D29B0DCC600AC6810 /* XCRemoteSwiftPackageReference "firebase-ios-sdk" */;
			productName = "FirebaseFunctionsCombine-Community";
		};
		87D1C17029B0DCC600AC6810 /* FirebaseInAppMessaging-Beta */ = {
			isa = XCSwiftPackageProductDependency;
			package = 87D1C14D29B0DCC600AC6810 /* XCRemoteSwiftPackageReference "firebase-ios-sdk" */;
			productName = "FirebaseInAppMessaging-Beta";
		};
		87D1C17229B0DCC600AC6810 /* FirebaseInAppMessagingSwift-Beta */ = {
			isa = XCSwiftPackageProductDependency;
			package = 87D1C14D29B0DCC600AC6810 /* XCRemoteSwiftPackageReference "firebase-ios-sdk" */;
			productName = "FirebaseInAppMessagingSwift-Beta";
		};
		87D1C17429B0DCC600AC6810 /* FirebaseInstallations */ = {
			isa = XCSwiftPackageProductDependency;
			package = 87D1C14D29B0DCC600AC6810 /* XCRemoteSwiftPackageReference "firebase-ios-sdk" */;
			productName = FirebaseInstallations;
		};
		87D1C17629B0DCC600AC6810 /* FirebaseMLModelDownloader */ = {
			isa = XCSwiftPackageProductDependency;
			package = 87D1C14D29B0DCC600AC6810 /* XCRemoteSwiftPackageReference "firebase-ios-sdk" */;
			productName = FirebaseMLModelDownloader;
		};
		87D1C17829B0DCC600AC6810 /* FirebaseMessaging */ = {
			isa = XCSwiftPackageProductDependency;
			package = 87D1C14D29B0DCC600AC6810 /* XCRemoteSwiftPackageReference "firebase-ios-sdk" */;
			productName = FirebaseMessaging;
		};
		87D1C17A29B0DCC600AC6810 /* FirebasePerformance */ = {
			isa = XCSwiftPackageProductDependency;
			package = 87D1C14D29B0DCC600AC6810 /* XCRemoteSwiftPackageReference "firebase-ios-sdk" */;
			productName = FirebasePerformance;
		};
		87D1C17C29B0DCC600AC6810 /* FirebaseRemoteConfig */ = {
			isa = XCSwiftPackageProductDependency;
			package = 87D1C14D29B0DCC600AC6810 /* XCRemoteSwiftPackageReference "firebase-ios-sdk" */;
			productName = FirebaseRemoteConfig;
		};
		87D1C17E29B0DCC600AC6810 /* FirebaseRemoteConfigSwift */ = {
			isa = XCSwiftPackageProductDependency;
			package = 87D1C14D29B0DCC600AC6810 /* XCRemoteSwiftPackageReference "firebase-ios-sdk" */;
			productName = FirebaseRemoteConfigSwift;
		};
		87D1C18029B0DCC600AC6810 /* FirebaseStorage */ = {
			isa = XCSwiftPackageProductDependency;
			package = 87D1C14D29B0DCC600AC6810 /* XCRemoteSwiftPackageReference "firebase-ios-sdk" */;
			productName = FirebaseStorage;
		};
		87D1C18229B0DCC600AC6810 /* FirebaseStorageCombine-Community */ = {
			isa = XCSwiftPackageProductDependency;
			package = 87D1C14D29B0DCC600AC6810 /* XCRemoteSwiftPackageReference "firebase-ios-sdk" */;
			productName = "FirebaseStorageCombine-Community";
		};
		87D1C18529B0DDD200AC6810 /* SDWebImage */ = {
			isa = XCSwiftPackageProductDependency;
			package = 87D1C18429B0DDD200AC6810 /* XCRemoteSwiftPackageReference "SDWebImage" */;
			productName = SDWebImage;
		};
		87D1C18729B0DDD200AC6810 /* SDWebImageMapKit */ = {
			isa = XCSwiftPackageProductDependency;
			package = 87D1C18429B0DDD200AC6810 /* XCRemoteSwiftPackageReference "SDWebImage" */;
			productName = SDWebImageMapKit;
		};
		87D1C18A29B0DE1D00AC6810 /* JGProgressHUD */ = {
			isa = XCSwiftPackageProductDependency;
			package = 87D1C18929B0DE1D00AC6810 /* XCRemoteSwiftPackageReference "JGProgressHUD" */;
			productName = JGProgressHUD;
		};
/* End XCSwiftPackageProductDependency section */
	};
	rootObject = 8795C86929AE0E5F007868B3 /* Project object */;
}
